
Microsoft Visual Studio Solution File, Format Version 12.00
# Visual Studio Version 17
VisualStudioVersion = 17.14.36603.0
MinimumVisualStudioVersion = 10.0.40219.1
Project("{FAE04EC0-301F-11D3-BF4B-00C04F79EFBC}") = "Order.API", "Order.API\Order.API.csproj", "{18407D00-0084-41EA-BFDE-46C52E9939ED}"
EndProject
Project("{FAE04EC0-301F-11D3-BF4B-00C04F79EFBC}") = "Shared", "Shared\Shared.csproj", "{FE282460-0349-4753-AFDE-9680C77CBBD6}"
EndProject
Project("{FAE04EC0-301F-11D3-BF4B-00C04F79EFBC}") = "Stock.API", "StockAPI\Stock.API.csproj", "{6CC9EC6A-2DF3-4A5A-9A81-6199E51F228A}"
EndProject
Global
	GlobalSection(SolutionConfigurationPlatforms) = preSolution
		Debug|Any CPU = Debug|Any CPU
		Release|Any CPU = Release|Any CPU
	EndGlobalSection
	GlobalSection(ProjectConfigurationPlatforms) = postSolution
		{18407D00-0084-41EA-BFDE-46C52E9939ED}.Debug|Any CPU.ActiveCfg = Debug|Any CPU
		{18407D00-0084-41EA-BFDE-46C52E9939ED}.Debug|Any CPU.Build.0 = Debug|Any CPU
		{18407D00-0084-41EA-BFDE-46C52E9939ED}.Release|Any CPU.ActiveCfg = Release|Any CPU
		{18407D00-0084-41EA-BFDE-46C52E9939ED}.Release|Any CPU.Build.0 = Release|Any CPU
		{FE282460-0349-4753-AFDE-9680C77CBBD6}.Debug|Any CPU.ActiveCfg = Debug|Any CPU
		{FE282460-0349-4753-AFDE-9680C77CBBD6}.Debug|Any CPU.Build.0 = Debug|Any CPU
		{FE282460-0349-4753-AFDE-9680C77CBBD6}.Release|Any CPU.ActiveCfg = Release|Any CPU
		{FE282460-0349-4753-AFDE-9680C77CBBD6}.Release|Any CPU.Build.0 = Release|Any CPU
		{6CC9EC6A-2DF3-4A5A-9A81-6199E51F228A}.Debug|Any CPU.ActiveCfg = Debug|Any CPU
		{6CC9EC6A-2DF3-4A5A-9A81-6199E51F228A}.Debug|Any CPU.Build.0 = Debug|Any CPU
		{6CC9EC6A-2DF3-4A5A-9A81-6199E51F228A}.Release|Any CPU.ActiveCfg = Release|Any CPU
		{6CC9EC6A-2DF3-4A5A-9A81-6199E51F228A}.Release|Any CPU.Build.0 = Release|Any CPU
	EndGlobalSection
	GlobalSection(SolutionProperties) = preSolution
		HideSolutionNode = FALSE
	EndGlobalSection
	GlobalSection(ExtensibilityGlobals) = postSolution
		SolutionGuid = {1D53E818-426D-4C8C-BD48-4DF82A5573D3}
	EndGlobalSection
EndGlobal
